
Microsoft Visual Studio Solution File, Format Version 12.00
# Visual Studio Version 17
VisualStudioVersion = 17.14.36221.1 d17.14
MinimumVisualStudioVersion = 10.0.40219.1
Project("{FAE04EC0-301F-11D3-BF4B-00C04F79EFBC}") = "MVCMusiCstore", "MVCMusiCstore\MVCMusiCstore.csproj", "{4CF0E76D-8C2A-4520-82CC-9F05A3CDD7CD}"
EndProject
Global
	GlobalSection(SolutionConfigurationPlatforms) = preSolution
		Debug|Any CPU = Debug|Any CPU
		Release|Any CPU = Release|Any CPU
	EndGlobalSection
	GlobalSection(ProjectConfigurationPlatforms) = postSolution
		{4CF0E76D-8C2A-4520-82CC-9F05A3CDD7CD}.Debug|Any CPU.ActiveCfg = Debug|Any CPU
		{4CF0E76D-8C2A-4520-82CC-9F05A3CDD7CD}.Debug|Any CPU.Build.0 = Debug|Any CPU
		{4CF0E76D-8C2A-4520-82CC-9F05A3CDD7CD}.Release|Any CPU.ActiveCfg = Release|Any CPU
		{4CF0E76D-8C2A-4520-82CC-9F05A3CDD7CD}.Release|Any CPU.Build.0 = Release|Any CPU
	EndGlobalSection
	GlobalSection(SolutionProperties) = preSolution
		HideSolutionNode = FALSE
	EndGlobalSection
	GlobalSection(ExtensibilityGlobals) = postSolution
		SolutionGuid = {CC5CE67F-9126-4E1F-B800-7B81ADAA5F86}
	EndGlobalSection
EndGlobal
